<?xml version="1.0" encoding="utf-8"?>
<Project ToolsVersion="4.0" xmlns="http://schemas.microsoft.com/developer/msbuild/2003">
  <ItemGroup>
    <Filter Include="Source Files">
      <UniqueIdentifier>{4FC737F1-C7A5-4376-A066-2A32D752A2FF}</UniqueIdentifier>
      <Extensions>cpp;c;cc;cxx;c++;cppm;ixx;def;odl;idl;hpj;bat;asm;asmx</Extensions>
    </Filter>
    <Filter Include="Header Files">
      <UniqueIdentifier>{93995380-89BD-4b04-88EB-625FBE52EBFB}</UniqueIdentifier>
      <Extensions>h;hh;hpp;hxx;h++;hm;inl;inc;ipp;xsd</Extensions>
    </Filter>
    <Filter Include="Resource Files">
      <UniqueIdentifier>{67DA6AB6-F800-4c08-8B7A-83BB121AAD01}</UniqueIdentifier>
      <Extensions>rc;ico;cur;bmp;dlg;rc2;rct;bin;rgs;gif;jpg;jpeg;jpe;resx;tiff;tif;png;wav;mfcribbon-ms</Extensions>
    </Filter>
    <Filter Include="Source Files\Evaluation">
      <UniqueIdentifier>{0752e5da-dda8-46a6-856f-bf524b349dc7}</UniqueIdentifier>
    </Filter>
    <Filter Include="Header Files\Evaluation">
      <UniqueIdentifier>{689a188c-d266-4a89-9a85-8ec5dd3de7f8}</UniqueIdentifier>
    </Filter>
  </ItemGroup>
  <ItemGroup>
    <ClInclude Include="..\Evaluation\FENtoBoard.h">
      <Filter>Header Files\Evaluation</Filter>
    </ClInclude>
    <ClInclude Include="..\Evaluation\protos.h">
      <Filter>Header Files\Evaluation</Filter>
    </ClInclude>
    <ClInclude Include="..\Evaluation\data.h">
      <Filter>Header Files\Evaluation</Filter>
    </ClInclude>
    <ClInclude Include="..\Evaluation\defs.h">
      <Filter>Header Files\Evaluation</Filter>
    </ClInclude>
  </ItemGroup>
  <ItemGroup>
    <ClCompile Include="..\Evaluation\eval.c">
      <Filter>Source Files\Evaluation</Filter>
    </ClCompile>
    <ClCompile Include="..\Evaluation\FENtoBoard.c">
      <Filter>Source Files\Evaluation</Filter>
    </ClCompile>
    <ClCompile Include="..\Evaluation\data.c">
      <Filter>Source Files\Evaluation</Filter>
    </ClCompile>
  </ItemGroup>
</Project>